
Microsoft Visual Studio Solution File, Format Version 12.00
# Visual Studio Version 16
VisualStudioVersion = 16.0.30523.141
MinimumVisualStudioVersion = 10.0.40219.1
Project("{FAE04EC0-301F-11D3-BF4B-00C04F79EFBC}") = "Annexio4", "Annexio4\Annexio4.csproj", "{AFE1EAFE-96ED-4A75-8CD8-329079E016C8}"
EndProject
Global
	GlobalSection(SolutionConfigurationPlatforms) = preSolution
		Debug|Any CPU = Debug|Any CPU
		Release|Any CPU = Release|Any CPU
	EndGlobalSection
	GlobalSection(ProjectConfigurationPlatforms) = postSolution
		{AFE1EAFE-96ED-4A75-8CD8-329079E016C8}.Debug|Any CPU.ActiveCfg = Debug|Any CPU
		{AFE1EAFE-96ED-4A75-8CD8-329079E016C8}.Debug|Any CPU.Build.0 = Debug|Any CPU
		{AFE1EAFE-96ED-4A75-8CD8-329079E016C8}.Release|Any CPU.ActiveCfg = Release|Any CPU
		{AFE1EAFE-96ED-4A75-8CD8-329079E016C8}.Release|Any CPU.Build.0 = Release|Any CPU
	EndGlobalSection
	GlobalSection(SolutionProperties) = preSolution
		HideSolutionNode = FALSE
	EndGlobalSection
	GlobalSection(ExtensibilityGlobals) = postSolution
		SolutionGuid = {85F3C691-2349-427C-863C-35B9CCCE90AC}
	EndGlobalSection
EndGlobal
